{
    "_meta": {
        "hash": {
            "sha256": "adcce6fba4ff8680a90f2a5970e290e2f3e148403ab1768751d08ff4861ccf8e"
        },
        "pipfile-spec": 6,
        "requires": {
            "python_version": "3.7"
        },
        "sources": [
            {
                "name": "pypi",
                "url": "https://pypi.org/simple",
                "verify_ssl": true
            }
        ]
    },
    "default": {
        "django": {
            "hashes": [
                "sha256:6fcc3cbd55b16f9a01f37de8bcbe286e0ea22e87096557f1511051780338eaea",
                "sha256:bb407d0bb46395ca1241f829f5bd03f7e482f97f7d1936e26e98dacb201ed4ec"
            ],
            "index": "pypi",
            "version": "==2.2.1"
        },
        "django-elasticsearch-dsl": {
            "hashes": [
                "sha256:114889f0f70d584e300953b9fc75f312b447e3ff96136dad03028654ba9f4cbd",
                "sha256:8c96714d8eef30763e820a2909663b236df765e5c6c8508721489dc9713dfef7"
            ],
            "index": "pypi",
            "version": "==0.5.1"
        },
        "elasticsearch": {
            "hashes": [
                "sha256:1aedf00b73f5d1e77cb4df70fec58f2efb664be4ce2686374239aa6c0373c65c",
                "sha256:c3a560bb83e4981b5a5c82080d2ceb99686d33692ef53365656129478aa5ddb2"
            ],
            "markers": "python_version >= '2.6' and python_version not in '3.0, 3.1, 3.2, 3.3' and python_version < '4'",
            "version": "==6.8.2"
        },
        "elasticsearch-dsl": {
            "hashes": [
                "sha256:5114a38a88e93a4663782eae07a1e8084ba333c49887335c83de8b8043bc72b2",
                "sha256:d6d974cd2289543a3350690494a43fe9996485b8dc6f1d8758cb56bee01244bd"
            ],
            "version": "==6.1.0"
        },
        "ipaddress": {
            "hashes": [
                "sha256:6e0f4a39e66cb5bb9a137b00276a2eff74f93b71dcbdad6f10ff7df9d3557fcc",
                "sha256:b7f8e0369580bb4a24d5ba1d7cc29660a4a6987763faf1d8a8046830e020e7e2"
            ],
            "version": "==1.0.23"
        },
        "python-dateutil": {
            "hashes": [
                "sha256:0123cacc1627ae19ddf3c27a5de5bd67ee4586fbdd6440d9748f8abb483d3e86",
                "sha256:961d03dc3453ebbc59dbdea9e4e11c5651520a876d0f4db161e8674aae935da9"
            ],
            "markers": "python_version >= '2.7' and python_version not in '3.0, 3.1, 3.2, 3.3'",
            "version": "==2.8.2"
        },
        "python-logstash": {
            "hashes": [
                "sha256:10943e5df83f592b4d61b63ad1afff855ccc8c9467f78718f0a59809ba1fe68c"
            ],
            "index": "pypi",
            "version": "==0.4.6"
        },
        "pytz": {
            "hashes": [
                "sha256:1d8ce29db189191fb55338ee6d0387d82ab59f3d00eac103412d64e0ebd0c588",
                "sha256:a151b3abb88eda1d4e34a9814df37de2a80e301e68ba0fd856fb9b46bfbbbffb"
            ],
            "version": "==2023.3"
        },
        "six": {
            "hashes": [
                "sha256:1e61c37477a1626458e36f7b1d82aa5c9b094fa4802892072e49de9c60c4c926",
                "sha256:8abb2f1d86890a2dfb989f9a77cfcfd3e47c2a354b01111771326f8aa26e0254"
            ],
            "markers": "python_version >= '2.7' and python_version not in '3.0, 3.1, 3.2, 3.3'",
            "version": "==1.16.0"
        },
        "sqlparse": {
            "hashes": [
                "sha256:5430a4fe2ac7d0f93e66f1efc6e1338a41884b7ddf2a350cedd20ccc4d9d28f3",
                "sha256:d446183e84b8349fa3061f0fe7f06ca94ba65b426946ffebe6e3e8295332420c"
            ],
            "index": "pypi",
            "version": "==0.4.4"
        },
        "urllib3": {
            "hashes": [
                "sha256:8a388717b9476f934a21484e8c8e61875ab60644d29b9b39e11e4b9dc1c6b305",
                "sha256:aa751d169e23c7479ce47a0cb0da579e3ede798f994f5816a74e4f4500dcea42"
            ],
            "markers": "python_version >= '2.7' and python_version not in '3.0, 3.1, 3.2, 3.3, 3.4, 3.5'",
            "version": "==1.26.15"
        }
    },
    "develop": {}
}
